
Microsoft Visual Studio Solution File, Format Version 12.00
# Visual Studio Version 16
VisualStudioVersion = 16.0.31613.86
MinimumVisualStudioVersion = 10.0.40219.1
Project("{FAE04EC0-301F-11D3-BF4B-00C04F79EFBC}") = "k1_class", "k1_class\k1_class.csproj", "{154365DB-F62D-4ABA-840C-18DF96FFB2C8}"
EndProject
Project("{FAE04EC0-301F-11D3-BF4B-00C04F79EFBC}") = "k2_constructor", "k2_constructor\k2_constructor.csproj", "{ADCA1A97-26E3-4A09-A173-2D4FF2061E72}"
EndProject
Project("{FAE04EC0-301F-11D3-BF4B-00C04F79EFBC}") = "k3_Inheritance", "k3_Inheritance\k3_Inheritance.csproj", "{7FB5B356-CAAD-43F8-9934-8FE1876EC185}"
EndProject
Project("{FAE04EC0-301F-11D3-BF4B-00C04F79EFBC}") = "k4_AccessModifiers", "k4_AccessModifiers\k4_AccessModifiers.csproj", "{7CABEDB0-5E5A-4241-96BA-F8262E36EC41}"
EndProject
Project("{FAE04EC0-301F-11D3-BF4B-00C04F79EFBC}") = "OBS.Data", "OBS.Data\OBS.Data.csproj", "{DB6C6A01-B928-4876-9E83-A21C37D7F397}"
EndProject
Project("{FAE04EC0-301F-11D3-BF4B-00C04F79EFBC}") = "k5_polymorphism", "k5_polymorphism\k5_polymorphism.csproj", "{FFBA0CE2-0A74-4FE7-AD6C-88B167FA244E}"
EndProject
Project("{FAE04EC0-301F-11D3-BF4B-00C04F79EFBC}") = "k6_Abstraction", "k6_Abstraction\k6_Abstraction.csproj", "{4EC64C99-86CA-4BCF-B255-A6C2009D4E18}"
EndProject
Project("{FAE04EC0-301F-11D3-BF4B-00C04F79EFBC}") = "k7_Enum", "k7_Enum\k7_Enum.csproj", "{6DBEAA0D-DF55-403C-ACD4-A257A739C945}"
EndProject
Project("{FAE04EC0-301F-11D3-BF4B-00C04F79EFBC}") = "k8_Interface", "k8_Interface\k8_Interface.csproj", "{07814A6D-44F1-479E-A3EE-A4F879024475}"
EndProject
Project("{FAE04EC0-301F-11D3-BF4B-00C04F79EFBC}") = "k9_StaticConst", "k9_StaticConst\k9_StaticConst.csproj", "{99345ED9-27B5-47AE-99CE-C1344791E58F}"
EndProject
Global
	GlobalSection(SolutionConfigurationPlatforms) = preSolution
		Debug|Any CPU = Debug|Any CPU
		Release|Any CPU = Release|Any CPU
	EndGlobalSection
	GlobalSection(ProjectConfigurationPlatforms) = postSolution
		{154365DB-F62D-4ABA-840C-18DF96FFB2C8}.Debug|Any CPU.ActiveCfg = Debug|Any CPU
		{154365DB-F62D-4ABA-840C-18DF96FFB2C8}.Debug|Any CPU.Build.0 = Debug|Any CPU
		{154365DB-F62D-4ABA-840C-18DF96FFB2C8}.Release|Any CPU.ActiveCfg = Release|Any CPU
		{154365DB-F62D-4ABA-840C-18DF96FFB2C8}.Release|Any CPU.Build.0 = Release|Any CPU
		{ADCA1A97-26E3-4A09-A173-2D4FF2061E72}.Debug|Any CPU.ActiveCfg = Debug|Any CPU
		{ADCA1A97-26E3-4A09-A173-2D4FF2061E72}.Debug|Any CPU.Build.0 = Debug|Any CPU
		{ADCA1A97-26E3-4A09-A173-2D4FF2061E72}.Release|Any CPU.ActiveCfg = Release|Any CPU
		{ADCA1A97-26E3-4A09-A173-2D4FF2061E72}.Release|Any CPU.Build.0 = Release|Any CPU
		{7FB5B356-CAAD-43F8-9934-8FE1876EC185}.Debug|Any CPU.ActiveCfg = Debug|Any CPU
		{7FB5B356-CAAD-43F8-9934-8FE1876EC185}.Debug|Any CPU.Build.0 = Debug|Any CPU
		{7FB5B356-CAAD-43F8-9934-8FE1876EC185}.Release|Any CPU.ActiveCfg = Release|Any CPU
		{7FB5B356-CAAD-43F8-9934-8FE1876EC185}.Release|Any CPU.Build.0 = Release|Any CPU
		{7CABEDB0-5E5A-4241-96BA-F8262E36EC41}.Debug|Any CPU.ActiveCfg = Debug|Any CPU
		{7CABEDB0-5E5A-4241-96BA-F8262E36EC41}.Debug|Any CPU.Build.0 = Debug|Any CPU
		{7CABEDB0-5E5A-4241-96BA-F8262E36EC41}.Release|Any CPU.ActiveCfg = Release|Any CPU
		{7CABEDB0-5E5A-4241-96BA-F8262E36EC41}.Release|Any CPU.Build.0 = Release|Any CPU
		{DB6C6A01-B928-4876-9E83-A21C37D7F397}.Debug|Any CPU.ActiveCfg = Debug|Any CPU
		{DB6C6A01-B928-4876-9E83-A21C37D7F397}.Debug|Any CPU.Build.0 = Debug|Any CPU
		{DB6C6A01-B928-4876-9E83-A21C37D7F397}.Release|Any CPU.ActiveCfg = Release|Any CPU
		{DB6C6A01-B928-4876-9E83-A21C37D7F397}.Release|Any CPU.Build.0 = Release|Any CPU
		{FFBA0CE2-0A74-4FE7-AD6C-88B167FA244E}.Debug|Any CPU.ActiveCfg = Debug|Any CPU
		{FFBA0CE2-0A74-4FE7-AD6C-88B167FA244E}.Debug|Any CPU.Build.0 = Debug|Any CPU
		{FFBA0CE2-0A74-4FE7-AD6C-88B167FA244E}.Release|Any CPU.ActiveCfg = Release|Any CPU
		{FFBA0CE2-0A74-4FE7-AD6C-88B167FA244E}.Release|Any CPU.Build.0 = Release|Any CPU
		{4EC64C99-86CA-4BCF-B255-A6C2009D4E18}.Debug|Any CPU.ActiveCfg = Debug|Any CPU
		{4EC64C99-86CA-4BCF-B255-A6C2009D4E18}.Debug|Any CPU.Build.0 = Debug|Any CPU
		{4EC64C99-86CA-4BCF-B255-A6C2009D4E18}.Release|Any CPU.ActiveCfg = Release|Any CPU
		{4EC64C99-86CA-4BCF-B255-A6C2009D4E18}.Release|Any CPU.Build.0 = Release|Any CPU
		{6DBEAA0D-DF55-403C-ACD4-A257A739C945}.Debug|Any CPU.ActiveCfg = Debug|Any CPU
		{6DBEAA0D-DF55-403C-ACD4-A257A739C945}.Debug|Any CPU.Build.0 = Debug|Any CPU
		{6DBEAA0D-DF55-403C-ACD4-A257A739C945}.Release|Any CPU.ActiveCfg = Release|Any CPU
		{6DBEAA0D-DF55-403C-ACD4-A257A739C945}.Release|Any CPU.Build.0 = Release|Any CPU
		{07814A6D-44F1-479E-A3EE-A4F879024475}.Debug|Any CPU.ActiveCfg = Debug|Any CPU
		{07814A6D-44F1-479E-A3EE-A4F879024475}.Debug|Any CPU.Build.0 = Debug|Any CPU
		{07814A6D-44F1-479E-A3EE-A4F879024475}.Release|Any CPU.ActiveCfg = Release|Any CPU
		{07814A6D-44F1-479E-A3EE-A4F879024475}.Release|Any CPU.Build.0 = Release|Any CPU
		{99345ED9-27B5-47AE-99CE-C1344791E58F}.Debug|Any CPU.ActiveCfg = Debug|Any CPU
		{99345ED9-27B5-47AE-99CE-C1344791E58F}.Debug|Any CPU.Build.0 = Debug|Any CPU
		{99345ED9-27B5-47AE-99CE-C1344791E58F}.Release|Any CPU.ActiveCfg = Release|Any CPU
		{99345ED9-27B5-47AE-99CE-C1344791E58F}.Release|Any CPU.Build.0 = Release|Any CPU
	EndGlobalSection
	GlobalSection(SolutionProperties) = preSolution
		HideSolutionNode = FALSE
	EndGlobalSection
	GlobalSection(ExtensibilityGlobals) = postSolution
		SolutionGuid = {A21ACC94-B0BA-46DD-BF1A-7227F071E3EB}
	EndGlobalSection
EndGlobal
